
Microsoft Visual Studio Solution File, Format Version 12.00
# Visual Studio Version 17
VisualStudioVersion = 17.1.32421.90
MinimumVisualStudioVersion = 10.0.40219.1
Project("{FAE04EC0-301F-11D3-BF4B-00C04F79EFBC}") = "Midterm_Exam", "Midterm_Exam\Midterm_Exam.csproj", "{C0F162BC-5A47-4555-948F-19CC4F1328CB}"
EndProject
Global
	GlobalSection(SolutionConfigurationPlatforms) = preSolution
		Debug|Any CPU = Debug|Any CPU
		Release|Any CPU = Release|Any CPU
	EndGlobalSection
	GlobalSection(ProjectConfigurationPlatforms) = postSolution
		{C0F162BC-5A47-4555-948F-19CC4F1328CB}.Debug|Any CPU.ActiveCfg = Debug|Any CPU
		{C0F162BC-5A47-4555-948F-19CC4F1328CB}.Debug|Any CPU.Build.0 = Debug|Any CPU
		{C0F162BC-5A47-4555-948F-19CC4F1328CB}.Release|Any CPU.ActiveCfg = Release|Any CPU
		{C0F162BC-5A47-4555-948F-19CC4F1328CB}.Release|Any CPU.Build.0 = Release|Any CPU
	EndGlobalSection
	GlobalSection(SolutionProperties) = preSolution
		HideSolutionNode = FALSE
	EndGlobalSection
	GlobalSection(ExtensibilityGlobals) = postSolution
		SolutionGuid = {F6A2396D-A2DD-422A-8ED4-5CE8AEE49338}
	EndGlobalSection
EndGlobal
